
Microsoft Visual Studio Solution File, Format Version 12.00
# Visual Studio 2012
Project("{FAE04EC0-301F-11D3-BF4B-00C04F79EFBC}") = "UFile-CSharpSDK", "UFile-CSharpSDK\UFile-CSharpSDK.csproj", "{02F2D6CD-5A19-4E48-B62F-158FB2535A65}"
EndProject
Global
	GlobalSection(SolutionConfigurationPlatforms) = preSolution
		Debug|x86 = Debug|x86
		Release|x86 = Release|x86
	EndGlobalSection
	GlobalSection(ProjectConfigurationPlatforms) = postSolution
		{02F2D6CD-5A19-4E48-B62F-158FB2535A65}.Debug|x86.ActiveCfg = Debug|x86
		{02F2D6CD-5A19-4E48-B62F-158FB2535A65}.Debug|x86.Build.0 = Debug|x86
		{02F2D6CD-5A19-4E48-B62F-158FB2535A65}.Release|x86.ActiveCfg = Release|x86
		{02F2D6CD-5A19-4E48-B62F-158FB2535A65}.Release|x86.Build.0 = Release|x86
	EndGlobalSection
	GlobalSection(MonoDevelopProperties) = preSolution
		StartupItem = UFile-CSharpSDK\UFile-CSharpSDK.csproj
	EndGlobalSection
EndGlobal
